
Microsoft Visual Studio Solution File, Format Version 12.00
# Visual Studio Version 16
VisualStudioVersion = 16.0.30114.105
MinimumVisualStudioVersion = 10.0.40219.1
Project("{2150E333-8FDC-42A3-9474-1A3956D46DE8}") = "src", "src", "{ADE09EB2-6157-46F5-B188-EF1A5C432F3E}"
EndProject
Project("{FAE04EC0-301F-11D3-BF4B-00C04F79EFBC}") = "SimpleAPI", "src\SimpleAPI\SimpleAPI.csproj", "{C6C6400F-ACDC-4AFC-9E99-5D245892BA6D}"
EndProject
Project("{2150E333-8FDC-42A3-9474-1A3956D46DE8}") = "test", "test", "{274ADFAB-43D7-4D1C-814C-969DEA47A6E7}"
EndProject
Project("{FAE04EC0-301F-11D3-BF4B-00C04F79EFBC}") = "SimpleAPI.Tests", "test\SimpleAPI.Tests\SimpleAPI.Tests.csproj", "{ED005EAB-B8B7-4D1E-83BC-D6D04D15B99B}"
EndProject
Global
	GlobalSection(SolutionConfigurationPlatforms) = preSolution
		Debug|Any CPU = Debug|Any CPU
		Release|Any CPU = Release|Any CPU
	EndGlobalSection
	GlobalSection(SolutionProperties) = preSolution
		HideSolutionNode = FALSE
	EndGlobalSection
	GlobalSection(ProjectConfigurationPlatforms) = postSolution
		{C6C6400F-ACDC-4AFC-9E99-5D245892BA6D}.Debug|Any CPU.ActiveCfg = Debug|Any CPU
		{C6C6400F-ACDC-4AFC-9E99-5D245892BA6D}.Debug|Any CPU.Build.0 = Debug|Any CPU
		{C6C6400F-ACDC-4AFC-9E99-5D245892BA6D}.Release|Any CPU.ActiveCfg = Release|Any CPU
		{C6C6400F-ACDC-4AFC-9E99-5D245892BA6D}.Release|Any CPU.Build.0 = Release|Any CPU
		{ED005EAB-B8B7-4D1E-83BC-D6D04D15B99B}.Debug|Any CPU.ActiveCfg = Debug|Any CPU
		{ED005EAB-B8B7-4D1E-83BC-D6D04D15B99B}.Debug|Any CPU.Build.0 = Debug|Any CPU
		{ED005EAB-B8B7-4D1E-83BC-D6D04D15B99B}.Release|Any CPU.ActiveCfg = Release|Any CPU
		{ED005EAB-B8B7-4D1E-83BC-D6D04D15B99B}.Release|Any CPU.Build.0 = Release|Any CPU
	EndGlobalSection
	GlobalSection(NestedProjects) = preSolution
		{C6C6400F-ACDC-4AFC-9E99-5D245892BA6D} = {ADE09EB2-6157-46F5-B188-EF1A5C432F3E}
		{ED005EAB-B8B7-4D1E-83BC-D6D04D15B99B} = {274ADFAB-43D7-4D1C-814C-969DEA47A6E7}
	EndGlobalSection
EndGlobal
